
Microsoft Visual Studio Solution File, Format Version 12.00
# Visual Studio 15
VisualStudioVersion = 15.0.34031.82
MinimumVisualStudioVersion = 10.0.40219.1
Project("{FAE04EC0-301F-11D3-BF4B-00C04F79EFBC}") = "angularjs_project", "angularjs_project\angularjs_project.csproj", "{53066E5B-3BC9-47B0-BD13-A143AD0F2A76}"
EndProject
Project("{FAE04EC0-301F-11D3-BF4B-00C04F79EFBC}") = "Lab1", "Lab1\Lab1.csproj", "{D9A793AF-7E02-43E2-9012-21D5CCDF2AA3}"
EndProject
Project("{FAE04EC0-301F-11D3-BF4B-00C04F79EFBC}") = "Lab2", "Lab2\Lab2.csproj", "{CA828F44-4422-4BE4-8D6C-7BF30E0C38A9}"
EndProject
Project("{FAE04EC0-301F-11D3-BF4B-00C04F79EFBC}") = "Lab3", "Lab3\Lab3.csproj", "{2CD90292-DEF8-44BD-9D87-B2174C24CED1}"
EndProject
Project("{FAE04EC0-301F-11D3-BF4B-00C04F79EFBC}") = "Lab4", "Lab4\Lab4.csproj", "{8E17D1DE-1C57-4060-A65A-D69BF6B32EF8}"
EndProject
Project("{FAE04EC0-301F-11D3-BF4B-00C04F79EFBC}") = "Lab5", "Lab5\Lab5.csproj", "{717C9FA3-AB0A-47F3-81AE-A7A95265A27B}"
EndProject
Project("{FAE04EC0-301F-11D3-BF4B-00C04F79EFBC}") = "Lab6", "Lab6\Lab6.csproj", "{015D488A-1CD8-453E-A2E8-59CEF65EBC0F}"
EndProject
Project("{FAE04EC0-301F-11D3-BF4B-00C04F79EFBC}") = "Lab7", "Lab7\Lab7.csproj", "{16519801-DA3A-45FA-A326-3F4E6E9F7C9D}"
EndProject
Global
	GlobalSection(SolutionConfigurationPlatforms) = preSolution
		Debug|Any CPU = Debug|Any CPU
		Release|Any CPU = Release|Any CPU
	EndGlobalSection
	GlobalSection(ProjectConfigurationPlatforms) = postSolution
		{53066E5B-3BC9-47B0-BD13-A143AD0F2A76}.Debug|Any CPU.ActiveCfg = Debug|Any CPU
		{53066E5B-3BC9-47B0-BD13-A143AD0F2A76}.Debug|Any CPU.Build.0 = Debug|Any CPU
		{53066E5B-3BC9-47B0-BD13-A143AD0F2A76}.Release|Any CPU.ActiveCfg = Release|Any CPU
		{53066E5B-3BC9-47B0-BD13-A143AD0F2A76}.Release|Any CPU.Build.0 = Release|Any CPU
		{D9A793AF-7E02-43E2-9012-21D5CCDF2AA3}.Debug|Any CPU.ActiveCfg = Debug|Any CPU
		{D9A793AF-7E02-43E2-9012-21D5CCDF2AA3}.Debug|Any CPU.Build.0 = Debug|Any CPU
		{D9A793AF-7E02-43E2-9012-21D5CCDF2AA3}.Release|Any CPU.ActiveCfg = Release|Any CPU
		{D9A793AF-7E02-43E2-9012-21D5CCDF2AA3}.Release|Any CPU.Build.0 = Release|Any CPU
		{CA828F44-4422-4BE4-8D6C-7BF30E0C38A9}.Debug|Any CPU.ActiveCfg = Debug|Any CPU
		{CA828F44-4422-4BE4-8D6C-7BF30E0C38A9}.Debug|Any CPU.Build.0 = Debug|Any CPU
		{CA828F44-4422-4BE4-8D6C-7BF30E0C38A9}.Release|Any CPU.ActiveCfg = Release|Any CPU
		{CA828F44-4422-4BE4-8D6C-7BF30E0C38A9}.Release|Any CPU.Build.0 = Release|Any CPU
		{2CD90292-DEF8-44BD-9D87-B2174C24CED1}.Debug|Any CPU.ActiveCfg = Debug|Any CPU
		{2CD90292-DEF8-44BD-9D87-B2174C24CED1}.Debug|Any CPU.Build.0 = Debug|Any CPU
		{2CD90292-DEF8-44BD-9D87-B2174C24CED1}.Release|Any CPU.ActiveCfg = Release|Any CPU
		{2CD90292-DEF8-44BD-9D87-B2174C24CED1}.Release|Any CPU.Build.0 = Release|Any CPU
		{8E17D1DE-1C57-4060-A65A-D69BF6B32EF8}.Debug|Any CPU.ActiveCfg = Debug|Any CPU
		{8E17D1DE-1C57-4060-A65A-D69BF6B32EF8}.Debug|Any CPU.Build.0 = Debug|Any CPU
		{8E17D1DE-1C57-4060-A65A-D69BF6B32EF8}.Release|Any CPU.ActiveCfg = Release|Any CPU
		{8E17D1DE-1C57-4060-A65A-D69BF6B32EF8}.Release|Any CPU.Build.0 = Release|Any CPU
		{717C9FA3-AB0A-47F3-81AE-A7A95265A27B}.Debug|Any CPU.ActiveCfg = Debug|Any CPU
		{717C9FA3-AB0A-47F3-81AE-A7A95265A27B}.Debug|Any CPU.Build.0 = Debug|Any CPU
		{717C9FA3-AB0A-47F3-81AE-A7A95265A27B}.Release|Any CPU.ActiveCfg = Release|Any CPU
		{717C9FA3-AB0A-47F3-81AE-A7A95265A27B}.Release|Any CPU.Build.0 = Release|Any CPU
		{015D488A-1CD8-453E-A2E8-59CEF65EBC0F}.Debug|Any CPU.ActiveCfg = Debug|Any CPU
		{015D488A-1CD8-453E-A2E8-59CEF65EBC0F}.Debug|Any CPU.Build.0 = Debug|Any CPU
		{015D488A-1CD8-453E-A2E8-59CEF65EBC0F}.Release|Any CPU.ActiveCfg = Release|Any CPU
		{015D488A-1CD8-453E-A2E8-59CEF65EBC0F}.Release|Any CPU.Build.0 = Release|Any CPU
		{16519801-DA3A-45FA-A326-3F4E6E9F7C9D}.Debug|Any CPU.ActiveCfg = Debug|Any CPU
		{16519801-DA3A-45FA-A326-3F4E6E9F7C9D}.Debug|Any CPU.Build.0 = Debug|Any CPU
		{16519801-DA3A-45FA-A326-3F4E6E9F7C9D}.Release|Any CPU.ActiveCfg = Release|Any CPU
		{16519801-DA3A-45FA-A326-3F4E6E9F7C9D}.Release|Any CPU.Build.0 = Release|Any CPU
	EndGlobalSection
	GlobalSection(SolutionProperties) = preSolution
		HideSolutionNode = FALSE
	EndGlobalSection
	GlobalSection(ExtensibilityGlobals) = postSolution
		SolutionGuid = {49CD1F5E-BC8D-47C2-B0D3-9DE058A54715}
	EndGlobalSection
EndGlobal
